
Microsoft Visual Studio Solution File, Format Version 12.00
# Visual Studio Version 17
VisualStudioVersion = 17.8.34330.188
MinimumVisualStudioVersion = 10.0.40219.1
Project("{9A19103F-16F7-4668-BE54-9A1E7A4F7556}") = "Engine", "Engine\Engine.csproj", "{3D59B144-A791-4D78-8A13-4D77889EBB03}"
EndProject
Project("{2150E333-8FDC-42A3-9474-1A3956D46DE8}") = "Solution Items", "Solution Items", "{17119E46-05C4-492B-8A24-C2DE63A2982F}"
	ProjectSection(SolutionItems) = preProject
		.editorconfig = .editorconfig
	EndProjectSection
EndProject
Project("{9A19103F-16F7-4668-BE54-9A1E7A4F7556}") = "WPFUI", "WPFUI\WPFUI.csproj", "{86FD4D30-C880-446E-9F1D-FA0A5ECACD12}"
EndProject
Global
	GlobalSection(SolutionConfigurationPlatforms) = preSolution
		Debug|Any CPU = Debug|Any CPU
		Release|Any CPU = Release|Any CPU
	EndGlobalSection
	GlobalSection(ProjectConfigurationPlatforms) = postSolution
		{3D59B144-A791-4D78-8A13-4D77889EBB03}.Debug|Any CPU.ActiveCfg = Debug|Any CPU
		{3D59B144-A791-4D78-8A13-4D77889EBB03}.Debug|Any CPU.Build.0 = Debug|Any CPU
		{3D59B144-A791-4D78-8A13-4D77889EBB03}.Release|Any CPU.ActiveCfg = Release|Any CPU
		{3D59B144-A791-4D78-8A13-4D77889EBB03}.Release|Any CPU.Build.0 = Release|Any CPU
		{86FD4D30-C880-446E-9F1D-FA0A5ECACD12}.Debug|Any CPU.ActiveCfg = Debug|Any CPU
		{86FD4D30-C880-446E-9F1D-FA0A5ECACD12}.Debug|Any CPU.Build.0 = Debug|Any CPU
		{86FD4D30-C880-446E-9F1D-FA0A5ECACD12}.Release|Any CPU.ActiveCfg = Release|Any CPU
		{86FD4D30-C880-446E-9F1D-FA0A5ECACD12}.Release|Any CPU.Build.0 = Release|Any CPU
	EndGlobalSection
	GlobalSection(SolutionProperties) = preSolution
		HideSolutionNode = FALSE
	EndGlobalSection
	GlobalSection(ExtensibilityGlobals) = postSolution
		SolutionGuid = {0DDDE5F2-FB5F-4192-A696-5CEFE18AAF89}
	EndGlobalSection
EndGlobal
